// !$*UTF8*$!
{
	archiveVersion = 1;
	classes = {
	};
	objectVersion = 46;
	objects = {

/* Begin PBXBuildFile section */
		A5C8594D1CCAC97400A55834 /* AppDelegate.swift in Sources */ = {isa = PBXBuildFile; fileRef = A5C8594C1CCAC97400A55834 /* AppDelegate.swift */; };
		A5C8594F1CCAC97400A55834 /* ViewController.swift in Sources */ = {isa = PBXBuildFile; fileRef = A5C8594E1CCAC97400A55834 /* ViewController.swift */; };
		A5C859521CCAC97400A55834 /* Main.storyboard in Resources */ = {isa = PBXBuildFile; fileRef = A5C859501CCAC97400A55834 /* Main.storyboard */; settings = {ASSET_TAGS = (1000, ); }; };
		A5C859541CCAC97400A55834 /* Assets.xcassets in Resources */ = {isa = PBXBuildFile; fileRef = A5C859531CCAC97400A55834 /* Assets.xcassets */; };
		A5C859571CCAC97400A55834 /* LaunchScreen.storyboard in Resources */ = {isa = PBXBuildFile; fileRef = A5C859551CCAC97400A55834 /* LaunchScreen.storyboard */; };
		A5C859621CCAC97400A55834 /* simple_calcTests.swift in Sources */ = {isa = PBXBuildFile; fileRef = A5C859611CCAC97400A55834 /* simple_calcTests.swift */; };
		A5C8596D1CCAC97400A55834 /* simple_calcUITests.swift in Sources */ = {isa = PBXBuildFile; fileRef = A5C8596C1CCAC97400A55834 /* simple_calcUITests.swift */; };
		A5EC6B231CCF639500549B0D /* HistoryController.swift in Sources */ = {isa = PBXBuildFile; fileRef = A5EC6B221CCF639500549B0D /* HistoryController.swift */; };
/* End PBXBuildFile section */

/* Begin PBXContainerItemProxy section */
		A5C8595E1CCAC97400A55834 /* PBXContainerItemProxy */ = {
			isa = PBXContainerItemProxy;
			containerPortal = A5C859411CCAC97400A55834 /* Project object */;
			proxyType = 1;
			remoteGlobalIDString = A5C859481CCAC97400A55834;
			remoteInfo = "simple-calc";
		};
		A5C859691CCAC97400A55834 /* PBXContainerItemProxy */ = {
			isa = PBXContainerItemProxy;
			containerPortal = A5C859411CCAC97400A55834 /* Project object */;
			proxyType = 1;
			remoteGlobalIDString = A5C859481CCAC97400A55834;
			remoteInfo = "simple-calc";
		};
/* End PBXContainerItemProxy section */

/* Begin PBXFileReference section */
		A5C859491CCAC97400A55834 /* simple-calc.app */ = {isa = PBXFileReference; explicitFileType = wrapper.application; includeInIndex = 0; path = "simple-calc.app"; sourceTree = BUILT_PRODUCTS_DIR; };
		A5C8594C1CCAC97400A55834 /* AppDelegate.swift */ = {isa = PBXFileReference; lastKnownFileType = sourcecode.swift; path = AppDelegate.swift; sourceTree = "<group>"; };
		A5C8594E1CCAC97400A55834 /* ViewController.swift */ = {isa = PBXFileReference; lastKnownFileType = sourcecode.swift; path = ViewController.swift; sourceTree = "<group>"; };
		A5C859511CCAC97400A55834 /* Base */ = {isa = PBXFileReference; lastKnownFileType = file.storyboard; name = Base; path = Base.lproj/Main.storyboard; sourceTree = "<group>"; };
		A5C859531CCAC97400A55834 /* Assets.xcassets */ = {isa = PBXFileReference; lastKnownFileType = folder.assetcatalog; path = Assets.xcassets; sourceTree = "<group>"; };
		A5C859561CCAC97400A55834 /* Base */ = {isa = PBXFileReference; lastKnownFileType = file.storyboard; name = Base; path = Base.lproj/LaunchScreen.storyboard; sourceTree = "<group>"; };
		A5C859581CCAC97400A55834 /* Info.plist */ = {isa = PBXFileReference; lastKnownFileType = text.plist.xml; path = Info.plist; sourceTree = "<group>"; };
		A5C8595D1CCAC97400A55834 /* simple-calcTests.xctest */ = {isa = PBXFileReference; explicitFileType = wrapper.cfbundle; includeInIndex = 0; path = "simple-calcTests.xctest"; sourceTree = BUILT_PRODUCTS_DIR; };
		A5C859611CCAC97400A55834 /* simple_calcTests.swift */ = {isa = PBXFileReference; lastKnownFileType = sourcecode.swift; path = simple_calcTests.swift; sourceTree = "<group>"; };
		A5C859631CCAC97400A55834 /* Info.plist */ = {isa = PBXFileReference; lastKnownFileType = text.plist.xml; path = Info.plist; sourceTree = "<group>"; };
		A5C859681CCAC97400A55834 /* simple-calcUITests.xctest */ = {isa = PBXFileReference; explicitFileType = wrapper.cfbundle; includeInIndex = 0; path = "simple-calcUITests.xctest"; sourceTree = BUILT_PRODUCTS_DIR; };
		A5C8596C1CCAC97400A55834 /* simple_calcUITests.swift */ = {isa = PBXFileReference; lastKnownFileType = sourcecode.swift; path = simple_calcUITests.swift; sourceTree = "<group>"; };
		A5C8596E1CCAC97400A55834 /* Info.plist */ = {isa = PBXFileReference; lastKnownFileType = text.plist.xml; path = Info.plist; sourceTree = "<group>"; };
		A5EC6B221CCF639500549B0D /* HistoryController.swift */ = {isa = PBXFileReference; fileEncoding = 4; lastKnownFileType = sourcecode.swift; path = HistoryController.swift; sourceTree = "<group>"; };
/* End PBXFileReference section */

/* Begin PBXFrameworksBuildPhase section */
		A5C859461CCAC97400A55834 /* Frameworks */ = {
			isa = PBXFrameworksBuildPhase;
			buildActionMask = 2147483647;
			files = (
			);
			runOnlyForDeploymentPostprocessing = 0;
		};
		A5C8595A1CCAC97400A55834 /* Frameworks */ = {
			isa = PBXFrameworksBuildPhase;
			buildActionMask = 2147483647;
			files = (
			);
			runOnlyForDeploymentPostprocessing = 0;
		};
		A5C859651CCAC97400A55834 /* Frameworks */ = {
			isa = PBXFrameworksBuildPhase;
			buildActionMask = 2147483647;
			files = (
			);
			runOnlyForDeploymentPostprocessing = 0;
		};
/* End PBXFrameworksBuildPhase section */

/* Begin PBXGroup section */
		A5C859401CCAC97400A55834 = {
			isa = PBXGroup;
			children = (
				A5C8594B1CCAC97400A55834 /* simple-calc */,
				A5C859601CCAC97400A55834 /* simple-calcTests */,
				A5C8596B1CCAC97400A55834 /* simple-calcUITests */,
				A5C8594A1CCAC97400A55834 /* Products */,
			);
			sourceTree = "<group>";
		};
		A5C8594A1CCAC97400A55834 /* Products */ = {
			isa = PBXGroup;
			children = (
				A5C859491CCAC97400A55834 /* simple-calc.app */,
				A5C8595D1CCAC97400A55834 /* simple-calcTests.xctest */,
				A5C859681CCAC97400A55834 /* simple-calcUITests.xctest */,
			);
			name = Products;
			sourceTree = "<group>";
		};
		A5C8594B1CCAC97400A55834 /* simple-calc */ = {
			isa = PBXGroup;
			children = (
				A5C8594C1CCAC97400A55834 /* AppDelegate.swift */,
				A5C8594E1CCAC97400A55834 /* ViewController.swift */,
				A5EC6B221CCF639500549B0D /* HistoryController.swift */,
				A5C859501CCAC97400A55834 /* Main.storyboard */,
				A5C859531CCAC97400A55834 /* Assets.xcassets */,
				A5C859551CCAC97400A55834 /* LaunchScreen.storyboard */,
				A5C859581CCAC97400A55834 /* Info.plist */,
			);
			path = "simple-calc";
			sourceTree = "<group>";
		};
		A5C859601CCAC97400A55834 /* simple-calcTests */ = {
			isa = PBXGroup;
			children = (
				A5C859611CCAC97400A55834 /* simple_calcTests.swift */,
				A5C859631CCAC97400A55834 /* Info.plist */,
			);
			path = "simple-calcTests";
			sourceTree = "<group>";
		};
		A5C8596B1CCAC97400A55834 /* simple-calcUITests */ = {
			isa = PBXGroup;
			children = (
				A5C8596C1CCAC97400A55834 /* simple_calcUITests.swift */,
				A5C8596E1CCAC97400A55834 /* Info.plist */,
			);
			path = "simple-calcUITests";
			sourceTree = "<group>";
		};
/* End PBXGroup section */

/* Begin PBXNativeTarget section */
		A5C859481CCAC97400A55834 /* simple-calc */ = {
			isa = PBXNativeTarget;
			buildConfigurationList = A5C859711CCAC97400A55834 /* Build configuration list for PBXNativeTarget "simple-calc" */;
			buildPhases = (
				A5C859451CCAC97400A55834 /* Sources */,
				A5C859461CCAC97400A55834 /* Frameworks */,
				A5C859471CCAC97400A55834 /* Resources */,
			);
			buildRules = (
			);
			dependencies = (
			);
			name = "simple-calc";
			productName = "simple-calc";
			productReference = A5C859491CCAC97400A55834 /* simple-calc.app */;
			productType = "com.apple.product-type.application";
		};
		A5C8595C1CCAC97400A55834 /* simple-calcTests */ = {
			isa = PBXNativeTarget;
			buildConfigurationList = A5C859741CCAC97400A55834 /* Build configuration list for PBXNativeTarget "simple-calcTests" */;
			buildPhases = (
				A5C859591CCAC97400A55834 /* Sources */,
				A5C8595A1CCAC97400A55834 /* Frameworks */,
				A5C8595B1CCAC97400A55834 /* Resources */,
			);
			buildRules = (
			);
			dependencies = (
				A5C8595F1CCAC97400A55834 /* PBXTargetDependency */,
			);
			name = "simple-calcTests";
			productName = "simple-calcTests";
			productReference = A5C8595D1CCAC97400A55834 /* simple-calcTests.xctest */;
			productType = "com.apple.product-type.bundle.unit-test";
		};
		A5C859671CCAC97400A55834 /* simple-calcUITests */ = {
			isa = PBXNativeTarget;
			buildConfigurationList = A5C859771CCAC97400A55834 /* Build configuration list for PBXNativeTarget "simple-calcUITests" */;
			buildPhases = (
				A5C859641CCAC97400A55834 /* Sources */,
				A5C859651CCAC97400A55834 /* Frameworks */,
				A5C859661CCAC97400A55834 /* Resources */,
			);
			buildRules = (
			);
			dependencies = (
				A5C8596A1CCAC97400A55834 /* PBXTargetDependency */,
			);
			name = "simple-calcUITests";
			productName = "simple-calcUITests";
			productReference = A5C859681CCAC97400A55834 /* simple-calcUITests.xctest */;
			productType = "com.apple.product-type.bundle.ui-testing";
		};
/* End PBXNativeTarget section */

/* Begin PBXProject section */
		A5C859411CCAC97400A55834 /* Project object */ = {
			isa = PBXProject;
			attributes = {
				KnownAssetTags = (
					1000,
					textfield,
				);
				LastSwiftUpdateCheck = 0730;
				LastUpgradeCheck = 0730;
				ORGANIZATIONNAME = "Alex Ngo";
				TargetAttributes = {
					A5C859481CCAC97400A55834 = {
						CreatedOnToolsVersion = 7.3;
						DevelopmentTeam = AT2YULZ34J;
					};
					A5C8595C1CCAC97400A55834 = {
						CreatedOnToolsVersion = 7.3;
						DevelopmentTeam = AT2YULZ34J;
						TestTargetID = A5C859481CCAC97400A55834;
					};
					A5C859671CCAC97400A55834 = {
						CreatedOnToolsVersion = 7.3;
						DevelopmentTeam = AT2YULZ34J;
						TestTargetID = A5C859481CCAC97400A55834;
					};
				};
			};
			buildConfigurationList = A5C859441CCAC97400A55834 /* Build configuration list for PBXProject "simple-calc" */;
			compatibilityVersion = "Xcode 3.2";
			developmentRegion = English;
			hasScannedForEncodings = 0;
			knownRegions = (
				en,
				Base,
			);
			mainGroup = A5C859401CCAC97400A55834;
			productRefGroup = A5C8594A1CCAC97400A55834 /* Products */;
			projectDirPath = "";
			projectRoot = "";
			targets = (
				A5C859481CCAC97400A55834 /* simple-calc */,
				A5C8595C1CCAC97400A55834 /* simple-calcTests */,
				A5C859671CCAC97400A55834 /* simple-calcUITests */,
			);
		};
/* End PBXProject section */

/* Begin PBXResourcesBuildPhase section */
		A5C859471CCAC97400A55834 /* Resources */ = {
			isa = PBXResourcesBuildPhase;
			buildActionMask = 2147483647;
			files = (
				A5C859571CCAC97400A55834 /* LaunchScreen.storyboard in Resources */,
				A5C859541CCAC97400A55834 /* Assets.xcassets in Resources */,
				A5C859521CCAC97400A55834 /* Main.storyboard in Resources */,
			);
			runOnlyForDeploymentPostprocessing = 0;
		};
		A5C8595B1CCAC97400A55834 /* Resources */ = {
			isa = PBXResourcesBuildPhase;
			buildActionMask = 2147483647;
			files = (
			);
			runOnlyForDeploymentPostprocessing = 0;
		};
		A5C859661CCAC97400A55834 /* Resources */ = {
			isa = PBXResourcesBuildPhase;
			buildActionMask = 2147483647;
			files = (
			);
			runOnlyForDeploymentPostprocessing = 0;
		};
/* End PBXResourcesBuildPhase section */

/* Begin PBXSourcesBuildPhase section */
		A5C859451CCAC97400A55834 /* Sources */ = {
			isa = PBXSourcesBuildPhase;
			buildActionMask = 2147483647;
			files = (
				A5C8594F1CCAC97400A55834 /* ViewController.swift in Sources */,
				A5EC6B231CCF639500549B0D /* HistoryController.swift in Sources */,
				A5C8594D1CCAC97400A55834 /* AppDelegate.swift in Sources */,
			);
			runOnlyForDeploymentPostprocessing = 0;
		};
		A5C859591CCAC97400A55834 /* Sources */ = {
			isa = PBXSourcesBuildPhase;
			buildActionMask = 2147483647;
			files = (
				A5C859621CCAC97400A55834 /* simple_calcTests.swift in Sources */,
			);
			runOnlyForDeploymentPostprocessing = 0;
		};
		A5C859641CCAC97400A55834 /* Sources */ = {
			isa = PBXSourcesBuildPhase;
			buildActionMask = 2147483647;
			files = (
				A5C8596D1CCAC97400A55834 /* simple_calcUITests.swift in Sources */,
			);
			runOnlyForDeploymentPostprocessing = 0;
		};
/* End PBXSourcesBuildPhase section */

/* Begin PBXTargetDependency section */
		A5C8595F1CCAC97400A55834 /* PBXTargetDependency */ = {
			isa = PBXTargetDependency;
			target = A5C859481CCAC97400A55834 /* simple-calc */;
			targetProxy = A5C8595E1CCAC97400A55834 /* PBXContainerItemProxy */;
		};
		A5C8596A1CCAC97400A55834 /* PBXTargetDependency */ = {
			isa = PBXTargetDependency;
			target = A5C859481CCAC97400A55834 /* simple-calc */;
			targetProxy = A5C859691CCAC97400A55834 /* PBXContainerItemProxy */;
		};
/* End PBXTargetDependency section */

/* Begin PBXVariantGroup section */
		A5C859501CCAC97400A55834 /* Main.storyboard */ = {
			isa = PBXVariantGroup;
			children = (
				A5C859511CCAC97400A55834 /* Base */,
			);
			name = Main.storyboard;
			sourceTree = "<group>";
		};
		A5C859551CCAC97400A55834 /* LaunchScreen.storyboard */ = {
			isa = PBXVariantGroup;
			children = (
				A5C859561CCAC97400A55834 /* Base */,
			);
			name = LaunchScreen.storyboard;
			sourceTree = "<group>";
		};
/* End PBXVariantGroup section */

/* Begin XCBuildConfiguration section */
		A5C8596F1CCAC97400A55834 /* Debug */ = {
			isa = XCBuildConfiguration;
			buildSettings = {
				ALWAYS_SEARCH_USER_PATHS = NO;
				CLANG_ANALYZER_NONNULL = YES;
				CLANG_CXX_LANGUAGE_STANDARD = "gnu++0x";
				CLANG_CXX_LIBRARY = "libc++";
				CLANG_ENABLE_MODULES = YES;
				CLANG_ENABLE_OBJC_ARC = YES;
				CLANG_WARN_BOOL_CONVERSION = YES;
				CLANG_WARN_CONSTANT_CONVERSION = YES;
				CLANG_WARN_DIRECT_OBJC_ISA_USAGE = YES_ERROR;
				CLANG_WARN_EMPTY_BODY = YES;
				CLANG_WARN_ENUM_CONVERSION = YES;
				CLANG_WARN_INT_CONVERSION = YES;
				CLANG_WARN_OBJC_ROOT_CLASS = YES_ERROR;
				CLANG_WARN_UNREACHABLE_CODE = YES;
				CLANG_WARN__DUPLICATE_METHOD_MATCH = YES;
				"CODE_SIGN_IDENTITY[sdk=iphoneos*]" = "iPhone Developer";
				COPY_PHASE_STRIP = NO;
				DEBUG_INFORMATION_FORMAT = dwarf;
				ENABLE_STRICT_OBJC_MSGSEND = YES;
				ENABLE_TESTABILITY = YES;
				GCC_C_LANGUAGE_STANDARD = gnu99;
				GCC_DYNAMIC_NO_PIC = NO;
				GCC_NO_COMMON_BLOCKS = YES;
				GCC_OPTIMIZATION_LEVEL = 0;
				GCC_PREPROCESSOR_DEFINITIONS = (
					"DEBUG=1",
					"$(inherited)",
				);
				GCC_WARN_64_TO_32_BIT_CONVERSION = YES;
				GCC_WARN_ABOUT_RETURN_TYPE = YES_ERROR;
				GCC_WARN_UNDECLARED_SELECTOR = YES;
				GCC_WARN_UNINITIALIZED_AUTOS = YES_AGGRESSIVE;
				GCC_WARN_UNUSED_FUNCTION = YES;
				GCC_WARN_UNUSED_VARIABLE = YES;
				IPHONEOS_DEPLOYMENT_TARGET = 9.3;
				MTL_ENABLE_DEBUG_INFO = YES;
				ONLY_ACTIVE_ARCH = YES;
				SDKROOT = iphoneos;
				SWIFT_OPTIMIZATION_LEVEL = "-Onone";
			};
			name = Debug;
		};
		A5C859701CCAC97400A55834 /* Release */ = {
			isa = XCBuildConfiguration;
			buildSettings = {
				ALWAYS_SEARCH_USER_PATHS = NO;
				CLANG_ANALYZER_NONNULL = YES;
				CLANG_CXX_LANGUAGE_STANDARD = "gnu++0x";
				CLANG_CXX_LIBRARY = "libc++";
				CLANG_ENABLE_MODULES = YES;
				CLANG_ENABLE_OBJC_ARC = YES;
				CLANG_WARN_BOOL_CONVERSION = YES;
				CLANG_WARN_CONSTANT_CONVERSION = YES;
				CLANG_WARN_DIRECT_OBJC_ISA_USAGE = YES_ERROR;
				CLANG_WARN_EMPTY_BODY = YES;
				CLANG_WARN_ENUM_CONVERSION = YES;
				CLANG_WARN_INT_CONVERSION = YES;
				CLANG_WARN_OBJC_ROOT_CLASS = YES_ERROR;
				CLANG_WARN_UNREACHABLE_CODE = YES;
				CLANG_WARN__DUPLICATE_METHOD_MATCH = YES;
				"CODE_SIGN_IDENTITY[sdk=iphoneos*]" = "iPhone Developer";
				COPY_PHASE_STRIP = NO;
				DEBUG_INFORMATION_FORMAT = "dwarf-with-dsym";
				ENABLE_NS_ASSERTIONS = NO;
				ENABLE_STRICT_OBJC_MSGSEND = YES;
				GCC_C_LANGUAGE_STANDARD = gnu99;
				GCC_NO_COMMON_BLOCKS = YES;
				GCC_WARN_64_TO_32_BIT_CONVERSION = YES;
				GCC_WARN_ABOUT_RETURN_TYPE = YES_ERROR;
				GCC_WARN_UNDECLARED_SELECTOR = YES;
				GCC_WARN_UNINITIALIZED_AUTOS = YES_AGGRESSIVE;
				GCC_WARN_UNUSED_FUNCTION = YES;
				GCC_WARN_UNUSED_VARIABLE = YES;
				IPHONEOS_DEPLOYMENT_TARGET = 9.3;
				MTL_ENABLE_DEBUG_INFO = NO;
				SDKROOT = iphoneos;
				VALIDATE_PRODUCT = YES;
			};
			name = Release;
		};
		A5C859721CCAC97400A55834 /* Debug */ = {
			isa = XCBuildConfiguration;
			buildSettings = {
				ASSETCATALOG_COMPILER_APPICON_NAME = AppIcon;
				INFOPLIST_FILE = "simple-calc/Info.plist";
				LD_RUNPATH_SEARCH_PATHS = "$(inherited) @executable_path/Frameworks";
				PRODUCT_BUNDLE_IDENTIFIER = "uw.simple-calc";
				PRODUCT_NAME = "$(TARGET_NAME)";
			};
			name = Debug;
		};
		A5C859731CCAC97400A55834 /* Release */ = {
			isa = XCBuildConfiguration;
			buildSettings = {
				ASSETCATALOG_COMPILER_APPICON_NAME = AppIcon;
				INFOPLIST_FILE = "simple-calc/Info.plist";
				LD_RUNPATH_SEARCH_PATHS = "$(inherited) @executable_path/Frameworks";
				PRODUCT_BUNDLE_IDENTIFIER = "uw.simple-calc";
				PRODUCT_NAME = "$(TARGET_NAME)";
			};
			name = Release;
		};
		A5C859751CCAC97400A55834 /* Debug */ = {
			isa = XCBuildConfiguration;
			buildSettings = {
				BUNDLE_LOADER = "$(TEST_HOST)";
				INFOPLIST_FILE = "simple-calcTests/Info.plist";
				LD_RUNPATH_SEARCH_PATHS = "$(inherited) @executable_path/Frameworks @loader_path/Frameworks";
				PRODUCT_BUNDLE_IDENTIFIER = "uw.simple-calcTests";
				PRODUCT_NAME = "$(TARGET_NAME)";
				TEST_HOST = "$(BUILT_PRODUCTS_DIR)/simple-calc.app/simple-calc";
			};
			name = Debug;
		};
		A5C859761CCAC97400A55834 /* Release */ = {
			isa = XCBuildConfiguration;
			buildSettings = {
				BUNDLE_LOADER = "$(TEST_HOST)";
				INFOPLIST_FILE = "simple-calcTests/Info.plist";
				LD_RUNPATH_SEARCH_PATHS = "$(inherited) @executable_path/Frameworks @loader_path/Frameworks";
				PRODUCT_BUNDLE_IDENTIFIER = "uw.simple-calcTests";
				PRODUCT_NAME = "$(TARGET_NAME)";
				TEST_HOST = "$(BUILT_PRODUCTS_DIR)/simple-calc.app/simple-calc";
			};
			name = Release;
		};
		A5C859781CCAC97400A55834 /* Debug */ = {
			isa = XCBuildConfiguration;
			buildSettings = {
				INFOPLIST_FILE = "simple-calcUITests/Info.plist";
				LD_RUNPATH_SEARCH_PATHS = "$(inherited) @executable_path/Frameworks @loader_path/Frameworks";
				PRODUCT_BUNDLE_IDENTIFIER = "uw.simple-calcUITests";
				PRODUCT_NAME = "$(TARGET_NAME)";
				TEST_TARGET_NAME = "simple-calc";
			};
			name = Debug;
		};
		A5C859791CCAC97400A55834 /* Release */ = {
			isa = XCBuildConfiguration;
			buildSettings = {
				INFOPLIST_FILE = "simple-calcUITests/Info.plist";
				LD_RUNPATH_SEARCH_PATHS = "$(inherited) @executable_path/Frameworks @loader_path/Frameworks";
				PRODUCT_BUNDLE_IDENTIFIER = "uw.simple-calcUITests";
				PRODUCT_NAME = "$(TARGET_NAME)";
				TEST_TARGET_NAME = "simple-calc";
			};
			name = Release;
		};
/* End XCBuildConfiguration section */

/* Begin XCConfigurationList section */
		A5C859441CCAC97400A55834 /* Build configuration list for PBXProject "simple-calc" */ = {
			isa = XCConfigurationList;
			buildConfigurations = (
				A5C8596F1CCAC97400A55834 /* Debug */,
				A5C859701CCAC97400A55834 /* Release */,
			);
			defaultConfigurationIsVisible = 0;
			defaultConfigurationName = Release;
		};
		A5C859711CCAC97400A55834 /* Build configuration list for PBXNativeTarget "simple-calc" */ = {
			isa = XCConfigurationList;
			buildConfigurations = (
				A5C859721CCAC97400A55834 /* Debug */,
				A5C859731CCAC97400A55834 /* Release */,
			);
			defaultConfigurationIsVisible = 0;
			defaultConfigurationName = Release;
		};
		A5C859741CCAC97400A55834 /* Build configuration list for PBXNativeTarget "simple-calcTests" */ = {
			isa = XCConfigurationList;
			buildConfigurations = (
				A5C859751CCAC97400A55834 /* Debug */,
				A5C859761CCAC97400A55834 /* Release */,
			);
			defaultConfigurationIsVisible = 0;
			defaultConfigurationName = Release;
		};
		A5C859771CCAC97400A55834 /* Build configuration list for PBXNativeTarget "simple-calcUITests" */ = {
			isa = XCConfigurationList;
			buildConfigurations = (
				A5C859781CCAC97400A55834 /* Debug */,
				A5C859791CCAC97400A55834 /* Release */,
			);
			defaultConfigurationIsVisible = 0;
			defaultConfigurationName = Release;
		};
/* End XCConfigurationList section */
	};
	rootObject = A5C859411CCAC97400A55834 /* Project object */;
}
